// !$*UTF8*$!
{
	archiveVersion = 1;
	classes = {
	};
	objectVersion = 55;
	objects = {

/* Begin PBXBuildFile section */
		D01756A028A5A85E00048B59 /* mesagingVC.swift in Sources */ = {isa = PBXBuildFile; fileRef = D017569F28A5A85E00048B59 /* mesagingVC.swift */; };
		D022F1DB28A67166000C046A /* ViewControllerrr.swift in Sources */ = {isa = PBXBuildFile; fileRef = D022F1DA28A67166000C046A /* ViewControllerrr.swift */; };
		D05AF55A28A3D1E4006A68D2 /* Stack.swift in Sources */ = {isa = PBXBuildFile; fileRef = D05AF55928A3D1E4006A68D2 /* Stack.swift */; };
		D069E5B828A2AC3E00E11D10 /* AppDelegate.swift in Sources */ = {isa = PBXBuildFile; fileRef = D069E5B728A2AC3E00E11D10 /* AppDelegate.swift */; };
		D069E5BA28A2AC3E00E11D10 /* SceneDelegate.swift in Sources */ = {isa = PBXBuildFile; fileRef = D069E5B928A2AC3E00E11D10 /* SceneDelegate.swift */; };
		D069E5BC28A2AC3E00E11D10 /* ViewController.swift in Sources */ = {isa = PBXBuildFile; fileRef = D069E5BB28A2AC3E00E11D10 /* ViewController.swift */; };
		D069E5BF28A2AC3E00E11D10 /* Main.storyboard in Resources */ = {isa = PBXBuildFile; fileRef = D069E5BD28A2AC3E00E11D10 /* Main.storyboard */; };
		D069E5C128A2AC4400E11D10 /* Assets.xcassets in Resources */ = {isa = PBXBuildFile; fileRef = D069E5C028A2AC4400E11D10 /* Assets.xcassets */; };
		D069E5C428A2AC4400E11D10 /* LaunchScreen.storyboard in Resources */ = {isa = PBXBuildFile; fileRef = D069E5C228A2AC4400E11D10 /* LaunchScreen.storyboard */; };
		D069E5CC28A2B07900E11D10 /* alert.swift in Sources */ = {isa = PBXBuildFile; fileRef = D069E5CB28A2B07900E11D10 /* alert.swift */; };
/* End PBXBuildFile section */

/* Begin PBXFileReference section */
		D017569F28A5A85E00048B59 /* mesagingVC.swift */ = {isa = PBXFileReference; lastKnownFileType = sourcecode.swift; path = mesagingVC.swift; sourceTree = "<group>"; };
		D022F1DA28A67166000C046A /* ViewControllerrr.swift */ = {isa = PBXFileReference; lastKnownFileType = sourcecode.swift; path = ViewControllerrr.swift; sourceTree = "<group>"; };
		D05AF55928A3D1E4006A68D2 /* Stack.swift */ = {isa = PBXFileReference; lastKnownFileType = sourcecode.swift; path = Stack.swift; sourceTree = "<group>"; };
		D069E5B428A2AC3E00E11D10 /* Unutma, Erteleme!.app */ = {isa = PBXFileReference; explicitFileType = wrapper.application; includeInIndex = 0; path = "Unutma, Erteleme!.app"; sourceTree = BUILT_PRODUCTS_DIR; };
		D069E5B728A2AC3E00E11D10 /* AppDelegate.swift */ = {isa = PBXFileReference; lastKnownFileType = sourcecode.swift; path = AppDelegate.swift; sourceTree = "<group>"; };
		D069E5B928A2AC3E00E11D10 /* SceneDelegate.swift */ = {isa = PBXFileReference; lastKnownFileType = sourcecode.swift; path = SceneDelegate.swift; sourceTree = "<group>"; };
		D069E5BB28A2AC3E00E11D10 /* ViewController.swift */ = {isa = PBXFileReference; lastKnownFileType = sourcecode.swift; path = ViewController.swift; sourceTree = "<group>"; };
		D069E5BE28A2AC3E00E11D10 /* Base */ = {isa = PBXFileReference; lastKnownFileType = file.storyboard; name = Base; path = Base.lproj/Main.storyboard; sourceTree = "<group>"; };
		D069E5C028A2AC4400E11D10 /* Assets.xcassets */ = {isa = PBXFileReference; lastKnownFileType = folder.assetcatalog; path = Assets.xcassets; sourceTree = "<group>"; };
		D069E5C328A2AC4400E11D10 /* Base */ = {isa = PBXFileReference; lastKnownFileType = file.storyboard; name = Base; path = Base.lproj/LaunchScreen.storyboard; sourceTree = "<group>"; };
		D069E5C528A2AC4400E11D10 /* Info.plist */ = {isa = PBXFileReference; lastKnownFileType = text.plist.xml; path = Info.plist; sourceTree = "<group>"; };
		D069E5CB28A2B07900E11D10 /* alert.swift */ = {isa = PBXFileReference; lastKnownFileType = sourcecode.swift; path = alert.swift; sourceTree = "<group>"; };
/* End PBXFileReference section */

/* Begin PBXFrameworksBuildPhase section */
		D069E5B128A2AC3E00E11D10 /* Frameworks */ = {
			isa = PBXFrameworksBuildPhase;
			buildActionMask = 2147483647;
			files = (
			);
			runOnlyForDeploymentPostprocessing = 0;
		};
/* End PBXFrameworksBuildPhase section */

/* Begin PBXGroup section */
		D069E5AB28A2AC3E00E11D10 = {
			isa = PBXGroup;
			children = (
				D069E5B628A2AC3E00E11D10 /* Unutma, Erteleme! */,
				D069E5B528A2AC3E00E11D10 /* Products */,
			);
			sourceTree = "<group>";
		};
		D069E5B528A2AC3E00E11D10 /* Products */ = {
			isa = PBXGroup;
			children = (
				D069E5B428A2AC3E00E11D10 /* Unutma, Erteleme!.app */,
			);
			name = Products;
			sourceTree = "<group>";
		};
		D069E5B628A2AC3E00E11D10 /* Unutma, Erteleme! */ = {
			isa = PBXGroup;
			children = (
				D069E5B728A2AC3E00E11D10 /* AppDelegate.swift */,
				D069E5B928A2AC3E00E11D10 /* SceneDelegate.swift */,
				D069E5BB28A2AC3E00E11D10 /* ViewController.swift */,
				D069E5BD28A2AC3E00E11D10 /* Main.storyboard */,
				D069E5C028A2AC4400E11D10 /* Assets.xcassets */,
				D069E5C228A2AC4400E11D10 /* LaunchScreen.storyboard */,
				D069E5C528A2AC4400E11D10 /* Info.plist */,
				D069E5CB28A2B07900E11D10 /* alert.swift */,
				D05AF55928A3D1E4006A68D2 /* Stack.swift */,
				D017569F28A5A85E00048B59 /* mesagingVC.swift */,
				D022F1DA28A67166000C046A /* ViewControllerrr.swift */,
			);
			path = "Unutma, Erteleme!";
			sourceTree = "<group>";
		};
/* End PBXGroup section */

/* Begin PBXNativeTarget section */
		D069E5B328A2AC3E00E11D10 /* Unutma, Erteleme! */ = {
			isa = PBXNativeTarget;
			buildConfigurationList = D069E5C828A2AC4400E11D10 /* Build configuration list for PBXNativeTarget "Unutma, Erteleme!" */;
			buildPhases = (
				D069E5B028A2AC3E00E11D10 /* Sources */,
				D069E5B128A2AC3E00E11D10 /* Frameworks */,
				D069E5B228A2AC3E00E11D10 /* Resources */,
			);
			buildRules = (
			);
			dependencies = (
			);
			name = "Unutma, Erteleme!";
			productName = "Unutma, Erteleme!";
			productReference = D069E5B428A2AC3E00E11D10 /* Unutma, Erteleme!.app */;
			productType = "com.apple.product-type.application";
		};
/* End PBXNativeTarget section */

/* Begin PBXProject section */
		D069E5AC28A2AC3E00E11D10 /* Project object */ = {
			isa = PBXProject;
			attributes = {
				BuildIndependentTargetsInParallel = 1;
				LastSwiftUpdateCheck = 1340;
				LastUpgradeCheck = 1340;
				TargetAttributes = {
					D069E5B328A2AC3E00E11D10 = {
						CreatedOnToolsVersion = 13.4.1;
					};
				};
			};
			buildConfigurationList = D069E5AF28A2AC3E00E11D10 /* Build configuration list for PBXProject "Unutma, Erteleme!" */;
			compatibilityVersion = "Xcode 13.0";
			developmentRegion = en;
			hasScannedForEncodings = 0;
			knownRegions = (
				en,
				Base,
			);
			mainGroup = D069E5AB28A2AC3E00E11D10;
			productRefGroup = D069E5B528A2AC3E00E11D10 /* Products */;
			projectDirPath = "";
			projectRoot = "";
			targets = (
				D069E5B328A2AC3E00E11D10 /* Unutma, Erteleme! */,
			);
		};
/* End PBXProject section */

/* Begin PBXResourcesBuildPhase section */
		D069E5B228A2AC3E00E11D10 /* Resources */ = {
			isa = PBXResourcesBuildPhase;
			buildActionMask = 2147483647;
			files = (
				D069E5C428A2AC4400E11D10 /* LaunchScreen.storyboard in Resources */,
				D069E5C128A2AC4400E11D10 /* Assets.xcassets in Resources */,
				D069E5BF28A2AC3E00E11D10 /* Main.storyboard in Resources */,
			);
			runOnlyForDeploymentPostprocessing = 0;
		};
/* End PBXResourcesBuildPhase section */

/* Begin PBXSourcesBuildPhase section */
		D069E5B028A2AC3E00E11D10 /* Sources */ = {
			isa = PBXSourcesBuildPhase;
			buildActionMask = 2147483647;
			files = (
				D069E5BC28A2AC3E00E11D10 /* ViewController.swift in Sources */,
				D05AF55A28A3D1E4006A68D2 /* Stack.swift in Sources */,
				D069E5B828A2AC3E00E11D10 /* AppDelegate.swift in Sources */,
				D01756A028A5A85E00048B59 /* mesagingVC.swift in Sources */,
				D069E5CC28A2B07900E11D10 /* alert.swift in Sources */,
				D069E5BA28A2AC3E00E11D10 /* SceneDelegate.swift in Sources */,
				D022F1DB28A67166000C046A /* ViewControllerrr.swift in Sources */,
			);
			runOnlyForDeploymentPostprocessing = 0;
		};
/* End PBXSourcesBuildPhase section */

/* Begin PBXVariantGroup section */
		D069E5BD28A2AC3E00E11D10 /* Main.storyboard */ = {
			isa = PBXVariantGroup;
			children = (
				D069E5BE28A2AC3E00E11D10 /* Base */,
			);
			name = Main.storyboard;
			sourceTree = "<group>";
		};
		D069E5C228A2AC4400E11D10 /* LaunchScreen.storyboard */ = {
			isa = PBXVariantGroup;
			children = (
				D069E5C328A2AC4400E11D10 /* Base */,
			);
			name = LaunchScreen.storyboard;
			sourceTree = "<group>";
		};
/* End PBXVariantGroup section */

/* Begin XCBuildConfiguration section */
		D069E5C628A2AC4400E11D10 /* Debug */ = {
			isa = XCBuildConfiguration;
			buildSettings = {
				ALWAYS_SEARCH_USER_PATHS = NO;
				CLANG_ANALYZER_NONNULL = YES;
				CLANG_ANALYZER_NUMBER_OBJECT_CONVERSION = YES_AGGRESSIVE;
				CLANG_CXX_LANGUAGE_STANDARD = "gnu++17";
				CLANG_ENABLE_MODULES = YES;
				CLANG_ENABLE_OBJC_ARC = YES;
				CLANG_ENABLE_OBJC_WEAK = YES;
				CLANG_WARN_BLOCK_CAPTURE_AUTORELEASING = YES;
				CLANG_WARN_BOOL_CONVERSION = YES;
				CLANG_WARN_COMMA = YES;
				CLANG_WARN_CONSTANT_CONVERSION = YES;
				CLANG_WARN_DEPRECATED_OBJC_IMPLEMENTATIONS = YES;
				CLANG_WARN_DIRECT_OBJC_ISA_USAGE = YES_ERROR;
				CLANG_WARN_DOCUMENTATION_COMMENTS = YES;
				CLANG_WARN_EMPTY_BODY = YES;
				CLANG_WARN_ENUM_CONVERSION = YES;
				CLANG_WARN_INFINITE_RECURSION = YES;
				CLANG_WARN_INT_CONVERSION = YES;
				CLANG_WARN_NON_LITERAL_NULL_CONVERSION = YES;
				CLANG_WARN_OBJC_IMPLICIT_RETAIN_SELF = YES;
				CLANG_WARN_OBJC_LITERAL_CONVERSION = YES;
				CLANG_WARN_OBJC_ROOT_CLASS = YES_ERROR;
				CLANG_WARN_QUOTED_INCLUDE_IN_FRAMEWORK_HEADER = YES;
				CLANG_WARN_RANGE_LOOP_ANALYSIS = YES;
				CLANG_WARN_STRICT_PROTOTYPES = YES;
				CLANG_WARN_SUSPICIOUS_MOVE = YES;
				CLANG_WARN_UNGUARDED_AVAILABILITY = YES_AGGRESSIVE;
				CLANG_WARN_UNREACHABLE_CODE = YES;
				CLANG_WARN__DUPLICATE_METHOD_MATCH = YES;
				COPY_PHASE_STRIP = NO;
				DEBUG_INFORMATION_FORMAT = dwarf;
				ENABLE_STRICT_OBJC_MSGSEND = YES;
				ENABLE_TESTABILITY = YES;
				GCC_C_LANGUAGE_STANDARD = gnu11;
				GCC_DYNAMIC_NO_PIC = NO;
				GCC_NO_COMMON_BLOCKS = YES;
				GCC_OPTIMIZATION_LEVEL = 0;
				GCC_PREPROCESSOR_DEFINITIONS = (
					"DEBUG=1",
					"$(inherited)",
				);
				GCC_WARN_64_TO_32_BIT_CONVERSION = YES;
				GCC_WARN_ABOUT_RETURN_TYPE = YES_ERROR;
				GCC_WARN_UNDECLARED_SELECTOR = YES;
				GCC_WARN_UNINITIALIZED_AUTOS = YES_AGGRESSIVE;
				GCC_WARN_UNUSED_FUNCTION = YES;
				GCC_WARN_UNUSED_VARIABLE = YES;
				IPHONEOS_DEPLOYMENT_TARGET = 15.5;
				MTL_ENABLE_DEBUG_INFO = INCLUDE_SOURCE;
				MTL_FAST_MATH = YES;
				ONLY_ACTIVE_ARCH = YES;
				SDKROOT = iphoneos;
				SWIFT_ACTIVE_COMPILATION_CONDITIONS = DEBUG;
				SWIFT_OPTIMIZATION_LEVEL = "-Onone";
			};
			name = Debug;
		};
		D069E5C728A2AC4400E11D10 /* Release */ = {
			isa = XCBuildConfiguration;
			buildSettings = {
				ALWAYS_SEARCH_USER_PATHS = NO;
				CLANG_ANALYZER_NONNULL = YES;
				CLANG_ANALYZER_NUMBER_OBJECT_CONVERSION = YES_AGGRESSIVE;
				CLANG_CXX_LANGUAGE_STANDARD = "gnu++17";
				CLANG_ENABLE_MODULES = YES;
				CLANG_ENABLE_OBJC_ARC = YES;
				CLANG_ENABLE_OBJC_WEAK = YES;
				CLANG_WARN_BLOCK_CAPTURE_AUTORELEASING = YES;
				CLANG_WARN_BOOL_CONVERSION = YES;
				CLANG_WARN_COMMA = YES;
				CLANG_WARN_CONSTANT_CONVERSION = YES;
				CLANG_WARN_DEPRECATED_OBJC_IMPLEMENTATIONS = YES;
				CLANG_WARN_DIRECT_OBJC_ISA_USAGE = YES_ERROR;
				CLANG_WARN_DOCUMENTATION_COMMENTS = YES;
				CLANG_WARN_EMPTY_BODY = YES;
				CLANG_WARN_ENUM_CONVERSION = YES;
				CLANG_WARN_INFINITE_RECURSION = YES;
				CLANG_WARN_INT_CONVERSION = YES;
				CLANG_WARN_NON_LITERAL_NULL_CONVERSION = YES;
				CLANG_WARN_OBJC_IMPLICIT_RETAIN_SELF = YES;
				CLANG_WARN_OBJC_LITERAL_CONVERSION = YES;
				CLANG_WARN_OBJC_ROOT_CLASS = YES_ERROR;
				CLANG_WARN_QUOTED_INCLUDE_IN_FRAMEWORK_HEADER = YES;
				CLANG_WARN_RANGE_LOOP_ANALYSIS = YES;
				CLANG_WARN_STRICT_PROTOTYPES = YES;
				CLANG_WARN_SUSPICIOUS_MOVE = YES;
				CLANG_WARN_UNGUARDED_AVAILABILITY = YES_AGGRESSIVE;
				CLANG_WARN_UNREACHABLE_CODE = YES;
				CLANG_WARN__DUPLICATE_METHOD_MATCH = YES;
				COPY_PHASE_STRIP = NO;
				DEBUG_INFORMATION_FORMAT = "dwarf-with-dsym";
				ENABLE_NS_ASSERTIONS = NO;
				ENABLE_STRICT_OBJC_MSGSEND = YES;
				GCC_C_LANGUAGE_STANDARD = gnu11;
				GCC_NO_COMMON_BLOCKS = YES;
				GCC_WARN_64_TO_32_BIT_CONVERSION = YES;
				GCC_WARN_ABOUT_RETURN_TYPE = YES_ERROR;
				GCC_WARN_UNDECLARED_SELECTOR = YES;
				GCC_WARN_UNINITIALIZED_AUTOS = YES_AGGRESSIVE;
				GCC_WARN_UNUSED_FUNCTION = YES;
				GCC_WARN_UNUSED_VARIABLE = YES;
				IPHONEOS_DEPLOYMENT_TARGET = 15.5;
				MTL_ENABLE_DEBUG_INFO = NO;
				MTL_FAST_MATH = YES;
				SDKROOT = iphoneos;
				SWIFT_COMPILATION_MODE = wholemodule;
				SWIFT_OPTIMIZATION_LEVEL = "-O";
				VALIDATE_PRODUCT = YES;
			};
			name = Release;
		};
		D069E5C928A2AC4400E11D10 /* Debug */ = {
			isa = XCBuildConfiguration;
			buildSettings = {
				ASSETCATALOG_COMPILER_APPICON_NAME = AppIcon;
				ASSETCATALOG_COMPILER_GLOBAL_ACCENT_COLOR_NAME = AccentColor;
				CODE_SIGN_STYLE = Automatic;
				CURRENT_PROJECT_VERSION = 1;
				DEVELOPMENT_TEAM = 56K423922J;
				GENERATE_INFOPLIST_FILE = YES;
				INFOPLIST_FILE = "Unutma, Erteleme!/Info.plist";
				INFOPLIST_KEY_UIApplicationSupportsIndirectInputEvents = YES;
				INFOPLIST_KEY_UILaunchStoryboardName = LaunchScreen;
				INFOPLIST_KEY_UIMainStoryboardFile = Main;
				INFOPLIST_KEY_UISupportedInterfaceOrientations_iPad = "UIInterfaceOrientationPortrait UIInterfaceOrientationPortraitUpsideDown UIInterfaceOrientationLandscapeLeft UIInterfaceOrientationLandscapeRight";
				INFOPLIST_KEY_UISupportedInterfaceOrientations_iPhone = "UIInterfaceOrientationPortrait UIInterfaceOrientationLandscapeLeft UIInterfaceOrientationLandscapeRight";
				IPHONEOS_DEPLOYMENT_TARGET = 14.0;
				LD_RUNPATH_SEARCH_PATHS = (
					"$(inherited)",
					"@executable_path/Frameworks",
				);
				MARKETING_VERSION = 1.0;
				PRODUCT_BUNDLE_IDENTIFIER = "com.todo.app.Unutma--Erteleme-";
				PRODUCT_NAME = "$(TARGET_NAME)";
				SWIFT_EMIT_LOC_STRINGS = YES;
				SWIFT_VERSION = 5.0;
				TARGETED_DEVICE_FAMILY = 1;
			};
			name = Debug;
		};
		D069E5CA28A2AC4400E11D10 /* Release */ = {
			isa = XCBuildConfiguration;
			buildSettings = {
				ASSETCATALOG_COMPILER_APPICON_NAME = AppIcon;
				ASSETCATALOG_COMPILER_GLOBAL_ACCENT_COLOR_NAME = AccentColor;
				CODE_SIGN_STYLE = Automatic;
				CURRENT_PROJECT_VERSION = 1;
				DEVELOPMENT_TEAM = 56K423922J;
				GENERATE_INFOPLIST_FILE = YES;
				INFOPLIST_FILE = "Unutma, Erteleme!/Info.plist";
				INFOPLIST_KEY_UIApplicationSupportsIndirectInputEvents = YES;
				INFOPLIST_KEY_UILaunchStoryboardName = LaunchScreen;
				INFOPLIST_KEY_UIMainStoryboardFile = Main;
				INFOPLIST_KEY_UISupportedInterfaceOrientations_iPad = "UIInterfaceOrientationPortrait UIInterfaceOrientationPortraitUpsideDown UIInterfaceOrientationLandscapeLeft UIInterfaceOrientationLandscapeRight";
				INFOPLIST_KEY_UISupportedInterfaceOrientations_iPhone = "UIInterfaceOrientationPortrait UIInterfaceOrientationLandscapeLeft UIInterfaceOrientationLandscapeRight";
				IPHONEOS_DEPLOYMENT_TARGET = 14.0;
				LD_RUNPATH_SEARCH_PATHS = (
					"$(inherited)",
					"@executable_path/Frameworks",
				);
				MARKETING_VERSION = 1.0;
				PRODUCT_BUNDLE_IDENTIFIER = "com.todo.app.Unutma--Erteleme-";
				PRODUCT_NAME = "$(TARGET_NAME)";
				SWIFT_EMIT_LOC_STRINGS = YES;
				SWIFT_VERSION = 5.0;
				TARGETED_DEVICE_FAMILY = 1;
			};
			name = Release;
		};
/* End XCBuildConfiguration section */

/* Begin XCConfigurationList section */
		D069E5AF28A2AC3E00E11D10 /* Build configuration list for PBXProject "Unutma, Erteleme!" */ = {
			isa = XCConfigurationList;
			buildConfigurations = (
				D069E5C628A2AC4400E11D10 /* Debug */,
				D069E5C728A2AC4400E11D10 /* Release */,
			);
			defaultConfigurationIsVisible = 0;
			defaultConfigurationName = Release;
		};
		D069E5C828A2AC4400E11D10 /* Build configuration list for PBXNativeTarget "Unutma, Erteleme!" */ = {
			isa = XCConfigurationList;
			buildConfigurations = (
				D069E5C928A2AC4400E11D10 /* Debug */,
				D069E5CA28A2AC4400E11D10 /* Release */,
			);
			defaultConfigurationIsVisible = 0;
			defaultConfigurationName = Release;
		};
/* End XCConfigurationList section */
	};
	rootObject = D069E5AC28A2AC3E00E11D10 /* Project object */;
}
